
Microsoft Visual Studio Solution File, Format Version 12.00
# Visual Studio Version 16
VisualStudioVersion = 16.0.33214.272
MinimumVisualStudioVersion = 10.0.40219.1
Project("{FAE04EC0-301F-11D3-BF4B-00C04F79EFBC}") = "HomeWork9.Task1", "HomeWork9.Task1\HomeWork9.Task1.csproj", "{272DF6E7-6C05-4669-A3A4-AC28ABFDB72A}"
EndProject
Global
	GlobalSection(SolutionConfigurationPlatforms) = preSolution
		Debug|Any CPU = Debug|Any CPU
		Release|Any CPU = Release|Any CPU
	EndGlobalSection
	GlobalSection(ProjectConfigurationPlatforms) = postSolution
		{272DF6E7-6C05-4669-A3A4-AC28ABFDB72A}.Debug|Any CPU.ActiveCfg = Debug|Any CPU
		{272DF6E7-6C05-4669-A3A4-AC28ABFDB72A}.Debug|Any CPU.Build.0 = Debug|Any CPU
		{272DF6E7-6C05-4669-A3A4-AC28ABFDB72A}.Release|Any CPU.ActiveCfg = Release|Any CPU
		{272DF6E7-6C05-4669-A3A4-AC28ABFDB72A}.Release|Any CPU.Build.0 = Release|Any CPU
	EndGlobalSection
	GlobalSection(SolutionProperties) = preSolution
		HideSolutionNode = FALSE
	EndGlobalSection
	GlobalSection(ExtensibilityGlobals) = postSolution
		SolutionGuid = {53AF49B2-AF46-4122-8529-114E2C491F30}
	EndGlobalSection
EndGlobal
